{
  "lockfile_version": "1",
  "packages": {
    "nodePackages.pnpm@latest": {
      "last_modified": "2023-07-23T03:35:12Z",
      "resolved": "github:NixOS/nixpkgs/af8cd5ded7735ca1df1a1174864daab75feeb64a#nodePackages.pnpm",
      "source": "devbox-search",
      "version": "8.6.9"
    },
    "nodejs@18": {
      "last_modified": "2023-06-30T04:44:22Z",
      "resolved": "github:NixOS/nixpkgs/3c614fbc76fc152f3e1bc4b2263da6d90adf80fb#nodejs_18",
      "source": "devbox-search",
      "version": "18.16.1"
    },
    "process-compose@latest": {
      "last_modified": "2024-01-22T00:24:37Z",
      "resolved": "github:NixOS/nixpkgs/5f5210aa20e343b7e35f40c033000db0ef80d7b9#process-compose",
      "source": "devbox-search",
      "version": "0.80.0",
      "systems": {
        "aarch64-darwin": {
          "store_path": "/nix/store/g90iw5ipdmp8d8hfrbcklq73gpafjqy2-process-compose-0.80.0"
        },
        "aarch64-linux": {
          "store_path": "/nix/store/v4lhswyfv53ygssb2zb9pxwwglkh8wmi-process-compose-0.80.0"
        },
        "x86_64-darwin": {
          "store_path": "/nix/store/h3kh6x8h064m93g0ns9z6winyhwidxqn-process-compose-0.80.0"
        },
        "x86_64-linux": {
          "store_path": "/nix/store/d8zkvcmlssmlvhgwj68z2wdjc3jyg1d6-process-compose-0.80.0"
        }
      }
    }
  }
}
